
Microsoft Visual Studio Solution File, Format Version 12.00
# Visual Studio 15
VisualStudioVersion = 15.0.28307.902
MinimumVisualStudioVersion = 10.0.40219.1
Project("{FAE04EC0-301F-11D3-BF4B-00C04F79EFBC}") = "SchoolManagementSystem", "SchoolManagementSystem\SchoolManagementSystem.csproj", "{CCB1CE45-CE9B-4C6D-8FD0-5D9768CEE568}"
EndProject
Project("{FAE04EC0-301F-11D3-BF4B-00C04F79EFBC}") = "SMS.Entity", "SMS.Entity\SMS.Entity.csproj", "{66E114DD-CCCD-47CA-B4A7-B3D2AE99DC8C}"
EndProject
Global
	GlobalSection(SolutionConfigurationPlatforms) = preSolution
		Debug|Any CPU = Debug|Any CPU
		Release|Any CPU = Release|Any CPU
	EndGlobalSection
	GlobalSection(ProjectConfigurationPlatforms) = postSolution
		{CCB1CE45-CE9B-4C6D-8FD0-5D9768CEE568}.Debug|Any CPU.ActiveCfg = Debug|Any CPU
		{CCB1CE45-CE9B-4C6D-8FD0-5D9768CEE568}.Debug|Any CPU.Build.0 = Debug|Any CPU
		{CCB1CE45-CE9B-4C6D-8FD0-5D9768CEE568}.Release|Any CPU.ActiveCfg = Release|Any CPU
		{CCB1CE45-CE9B-4C6D-8FD0-5D9768CEE568}.Release|Any CPU.Build.0 = Release|Any CPU
		{66E114DD-CCCD-47CA-B4A7-B3D2AE99DC8C}.Debug|Any CPU.ActiveCfg = Debug|Any CPU
		{66E114DD-CCCD-47CA-B4A7-B3D2AE99DC8C}.Debug|Any CPU.Build.0 = Debug|Any CPU
		{66E114DD-CCCD-47CA-B4A7-B3D2AE99DC8C}.Release|Any CPU.ActiveCfg = Release|Any CPU
		{66E114DD-CCCD-47CA-B4A7-B3D2AE99DC8C}.Release|Any CPU.Build.0 = Release|Any CPU
	EndGlobalSection
	GlobalSection(SolutionProperties) = preSolution
		HideSolutionNode = FALSE
	EndGlobalSection
	GlobalSection(ExtensibilityGlobals) = postSolution
		SolutionGuid = {E2820365-31C8-4957-BB88-801DDC52A319}
	EndGlobalSection
EndGlobal
